
Microsoft Visual Studio Solution File, Format Version 12.00
# Visual Studio Version 17
VisualStudioVersion = 17.6.33723.286
MinimumVisualStudioVersion = 10.0.40219.1
Project("{FAE04EC0-301F-11D3-BF4B-00C04F79EFBC}") = "ii.espen", "ii.espen.csproj", "{9BFD94C8-33E2-4AAA-8BE2-B2E21834A76F}"
EndProject
Global
	GlobalSection(SolutionConfigurationPlatforms) = preSolution
		Debug|Any CPU = Debug|Any CPU
		Release|Any CPU = Release|Any CPU
	EndGlobalSection
	GlobalSection(ProjectConfigurationPlatforms) = postSolution
		{9BFD94C8-33E2-4AAA-8BE2-B2E21834A76F}.Debug|Any CPU.ActiveCfg = Debug|Any CPU
		{9BFD94C8-33E2-4AAA-8BE2-B2E21834A76F}.Debug|Any CPU.Build.0 = Debug|Any CPU
		{9BFD94C8-33E2-4AAA-8BE2-B2E21834A76F}.Release|Any CPU.ActiveCfg = Release|Any CPU
		{9BFD94C8-33E2-4AAA-8BE2-B2E21834A76F}.Release|Any CPU.Build.0 = Release|Any CPU
	EndGlobalSection
	GlobalSection(SolutionProperties) = preSolution
		HideSolutionNode = FALSE
	EndGlobalSection
	GlobalSection(ExtensibilityGlobals) = postSolution
		SolutionGuid = {062D6CA5-0F8F-41A4-B24E-82A66AAC74FB}
	EndGlobalSection
EndGlobal
